
Microsoft Visual Studio Solution File, Format Version 12.00
# 
Project("{2150E333-8FDC-42A3-9474-1A3956D46DE8}") = "src", "src", "{233CC952-AA60-4EA1-8E2A-A2A594B25B86}"
EndProject
Project("{FAE04EC0-301F-11D3-BF4B-00C04F79EFBC}") = "ClothesShop.Domain", "src\ClothesShop.Domain\ClothesShop.Domain.csproj", "{AC5E226E-AC5A-48C3-9C75-0A19118CB40B}"
EndProject
Project("{FAE04EC0-301F-11D3-BF4B-00C04F79EFBC}") = "ClothesShop.Application", "src\ClothesShop.Application\ClothesShop.Application.csproj", "{B93450E0-F90A-4051-A1DE-8175414E5B84}"
EndProject
Project("{FAE04EC0-301F-11D3-BF4B-00C04F79EFBC}") = "ClothesShop.Infrastructure", "src\ClothesShop.Infrastructure\ClothesShop.Infrastructure.csproj", "{724FBBC5-6407-4AD6-A43A-A18A7A0D5DAA}"
EndProject
Project("{FAE04EC0-301F-11D3-BF4B-00C04F79EFBC}") = "ClothesShop.GraphQL", "src\ClothesShop.GraphQL\ClothesShop.GraphQL.csproj", "{56114FE6-F8D1-43CC-B9D4-770AEF434D41}"
EndProject
Project("{FAE04EC0-301F-11D3-BF4B-00C04F79EFBC}") = "ClothesShop.API", "src\ClothesShop.API\ClothesShop.API.csproj", "{9846110E-F93C-4B23-9671-32D4C93BD8E4}"
EndProject
Project("{2150E333-8FDC-42A3-9474-1A3956D46DE8}") = "tests", "tests", "{08692B93-EE29-432C-8B8B-4A94BF9A9D69}"
EndProject
Project("{FAE04EC0-301F-11D3-BF4B-00C04F79EFBC}") = "ClothesShop.Tests", "tests\ClothesShop.Tests\ClothesShop.Tests.csproj", "{D6D23BEF-1229-465D-A112-0BED04F3DA43}"
EndProject
Project("{FAE04EC0-301F-11D3-BF4B-00C04F79EFBC}") = "ClothesShop.Web", "src\ClothesShop.Web\ClothesShop.Web.csproj", "{1E70609B-979F-4521-8585-550EFAFDCD7C}"
EndProject
Global
	GlobalSection(SolutionConfigurationPlatforms) = preSolution
		Debug|Any CPU = Debug|Any CPU
		Release|Any CPU = Release|Any CPU
	EndGlobalSection
	GlobalSection(ProjectConfigurationPlatforms) = postSolution
		{AC5E226E-AC5A-48C3-9C75-0A19118CB40B}.Debug|Any CPU.ActiveCfg = Debug|Any CPU
		{AC5E226E-AC5A-48C3-9C75-0A19118CB40B}.Debug|Any CPU.Build.0 = Debug|Any CPU
		{AC5E226E-AC5A-48C3-9C75-0A19118CB40B}.Release|Any CPU.ActiveCfg = Release|Any CPU
		{AC5E226E-AC5A-48C3-9C75-0A19118CB40B}.Release|Any CPU.Build.0 = Release|Any CPU
		{B93450E0-F90A-4051-A1DE-8175414E5B84}.Debug|Any CPU.ActiveCfg = Debug|Any CPU
		{B93450E0-F90A-4051-A1DE-8175414E5B84}.Debug|Any CPU.Build.0 = Debug|Any CPU
		{B93450E0-F90A-4051-A1DE-8175414E5B84}.Release|Any CPU.ActiveCfg = Release|Any CPU
		{B93450E0-F90A-4051-A1DE-8175414E5B84}.Release|Any CPU.Build.0 = Release|Any CPU
		{724FBBC5-6407-4AD6-A43A-A18A7A0D5DAA}.Debug|Any CPU.ActiveCfg = Debug|Any CPU
		{724FBBC5-6407-4AD6-A43A-A18A7A0D5DAA}.Debug|Any CPU.Build.0 = Debug|Any CPU
		{724FBBC5-6407-4AD6-A43A-A18A7A0D5DAA}.Release|Any CPU.ActiveCfg = Release|Any CPU
		{724FBBC5-6407-4AD6-A43A-A18A7A0D5DAA}.Release|Any CPU.Build.0 = Release|Any CPU
		{56114FE6-F8D1-43CC-B9D4-770AEF434D41}.Debug|Any CPU.ActiveCfg = Debug|Any CPU
		{56114FE6-F8D1-43CC-B9D4-770AEF434D41}.Debug|Any CPU.Build.0 = Debug|Any CPU
		{56114FE6-F8D1-43CC-B9D4-770AEF434D41}.Release|Any CPU.ActiveCfg = Release|Any CPU
		{56114FE6-F8D1-43CC-B9D4-770AEF434D41}.Release|Any CPU.Build.0 = Release|Any CPU
		{9846110E-F93C-4B23-9671-32D4C93BD8E4}.Debug|Any CPU.ActiveCfg = Debug|Any CPU
		{9846110E-F93C-4B23-9671-32D4C93BD8E4}.Debug|Any CPU.Build.0 = Debug|Any CPU
		{9846110E-F93C-4B23-9671-32D4C93BD8E4}.Release|Any CPU.ActiveCfg = Release|Any CPU
		{9846110E-F93C-4B23-9671-32D4C93BD8E4}.Release|Any CPU.Build.0 = Release|Any CPU
		{D6D23BEF-1229-465D-A112-0BED04F3DA43}.Debug|Any CPU.ActiveCfg = Debug|Any CPU
		{D6D23BEF-1229-465D-A112-0BED04F3DA43}.Debug|Any CPU.Build.0 = Debug|Any CPU
		{D6D23BEF-1229-465D-A112-0BED04F3DA43}.Release|Any CPU.ActiveCfg = Release|Any CPU
		{D6D23BEF-1229-465D-A112-0BED04F3DA43}.Release|Any CPU.Build.0 = Release|Any CPU
		{1E70609B-979F-4521-8585-550EFAFDCD7C}.Debug|Any CPU.ActiveCfg = Debug|Any CPU
		{1E70609B-979F-4521-8585-550EFAFDCD7C}.Debug|Any CPU.Build.0 = Debug|Any CPU
		{1E70609B-979F-4521-8585-550EFAFDCD7C}.Release|Any CPU.ActiveCfg = Release|Any CPU
		{1E70609B-979F-4521-8585-550EFAFDCD7C}.Release|Any CPU.Build.0 = Release|Any CPU
	EndGlobalSection
	GlobalSection(NestedProjects) = preSolution
		{AC5E226E-AC5A-48C3-9C75-0A19118CB40B} = {233CC952-AA60-4EA1-8E2A-A2A594B25B86}
		{B93450E0-F90A-4051-A1DE-8175414E5B84} = {233CC952-AA60-4EA1-8E2A-A2A594B25B86}
		{724FBBC5-6407-4AD6-A43A-A18A7A0D5DAA} = {233CC952-AA60-4EA1-8E2A-A2A594B25B86}
		{56114FE6-F8D1-43CC-B9D4-770AEF434D41} = {233CC952-AA60-4EA1-8E2A-A2A594B25B86}
		{9846110E-F93C-4B23-9671-32D4C93BD8E4} = {233CC952-AA60-4EA1-8E2A-A2A594B25B86}
		{D6D23BEF-1229-465D-A112-0BED04F3DA43} = {08692B93-EE29-432C-8B8B-4A94BF9A9D69}
		{1E70609B-979F-4521-8585-550EFAFDCD7C} = {233CC952-AA60-4EA1-8E2A-A2A594B25B86}
	EndGlobalSection
EndGlobal
